// !$*UTF8*$!
{
	archiveVersion = 1;
	classes = {
	};
	objectVersion = 50;
	objects = {

/* Begin PBXBuildFile section */
		24CF54E7237AD3D80084170B /* AppDelegate.swift in Sources */ = {isa = PBXBuildFile; fileRef = 24CF54E6237AD3D80084170B /* AppDelegate.swift */; };
		24CF54E9237AD3D80084170B /* SceneDelegate.swift in Sources */ = {isa = PBXBuildFile; fileRef = 24CF54E8237AD3D80084170B /* SceneDelegate.swift */; };
		24CF54EB237AD3D80084170B /* ViewController.swift in Sources */ = {isa = PBXBuildFile; fileRef = 24CF54EA237AD3D80084170B /* ViewController.swift */; };
		24CF54EE237AD3D80084170B /* Main.storyboard in Resources */ = {isa = PBXBuildFile; fileRef = 24CF54EC237AD3D80084170B /* Main.storyboard */; };
		24CF54F0237AD3DB0084170B /* Assets.xcassets in Resources */ = {isa = PBXBuildFile; fileRef = 24CF54EF237AD3DB0084170B /* Assets.xcassets */; };
		24CF54F3237AD3DB0084170B /* LaunchScreen.storyboard in Resources */ = {isa = PBXBuildFile; fileRef = 24CF54F1237AD3DB0084170B /* LaunchScreen.storyboard */; };
		24CF54FE237AD3DB0084170B /* MeeKouluunTests.swift in Sources */ = {isa = PBXBuildFile; fileRef = 24CF54FD237AD3DB0084170B /* MeeKouluunTests.swift */; };
		24CF5509237AD3DC0084170B /* MeeKouluunUITests.swift in Sources */ = {isa = PBXBuildFile; fileRef = 24CF5508237AD3DC0084170B /* MeeKouluunUITests.swift */; };
/* End PBXBuildFile section */

/* Begin PBXContainerItemProxy section */
		24CF54FA237AD3DB0084170B /* PBXContainerItemProxy */ = {
			isa = PBXContainerItemProxy;
			containerPortal = 24CF54DB237AD3D70084170B /* Project object */;
			proxyType = 1;
			remoteGlobalIDString = 24CF54E2237AD3D70084170B;
			remoteInfo = MeeKouluun;
		};
		24CF5505237AD3DB0084170B /* PBXContainerItemProxy */ = {
			isa = PBXContainerItemProxy;
			containerPortal = 24CF54DB237AD3D70084170B /* Project object */;
			proxyType = 1;
			remoteGlobalIDString = 24CF54E2237AD3D70084170B;
			remoteInfo = MeeKouluun;
		};
/* End PBXContainerItemProxy section */

/* Begin PBXFileReference section */
		24CF54E3237AD3D80084170B /* MeeKouluun.app */ = {isa = PBXFileReference; explicitFileType = wrapper.application; includeInIndex = 0; path = MeeKouluun.app; sourceTree = BUILT_PRODUCTS_DIR; };
		24CF54E6237AD3D80084170B /* AppDelegate.swift */ = {isa = PBXFileReference; lastKnownFileType = sourcecode.swift; path = AppDelegate.swift; sourceTree = "<group>"; };
		24CF54E8237AD3D80084170B /* SceneDelegate.swift */ = {isa = PBXFileReference; lastKnownFileType = sourcecode.swift; path = SceneDelegate.swift; sourceTree = "<group>"; };
		24CF54EA237AD3D80084170B /* ViewController.swift */ = {isa = PBXFileReference; lastKnownFileType = sourcecode.swift; path = ViewController.swift; sourceTree = "<group>"; };
		24CF54ED237AD3D80084170B /* Base */ = {isa = PBXFileReference; lastKnownFileType = file.storyboard; name = Base; path = Base.lproj/Main.storyboard; sourceTree = "<group>"; };
		24CF54EF237AD3DB0084170B /* Assets.xcassets */ = {isa = PBXFileReference; lastKnownFileType = folder.assetcatalog; path = Assets.xcassets; sourceTree = "<group>"; };
		24CF54F2237AD3DB0084170B /* Base */ = {isa = PBXFileReference; lastKnownFileType = file.storyboard; name = Base; path = Base.lproj/LaunchScreen.storyboard; sourceTree = "<group>"; };
		24CF54F4237AD3DB0084170B /* Info.plist */ = {isa = PBXFileReference; lastKnownFileType = text.plist.xml; path = Info.plist; sourceTree = "<group>"; };
		24CF54F9237AD3DB0084170B /* MeeKouluunTests.xctest */ = {isa = PBXFileReference; explicitFileType = wrapper.cfbundle; includeInIndex = 0; path = MeeKouluunTests.xctest; sourceTree = BUILT_PRODUCTS_DIR; };
		24CF54FD237AD3DB0084170B /* MeeKouluunTests.swift */ = {isa = PBXFileReference; lastKnownFileType = sourcecode.swift; path = MeeKouluunTests.swift; sourceTree = "<group>"; };
		24CF54FF237AD3DB0084170B /* Info.plist */ = {isa = PBXFileReference; lastKnownFileType = text.plist.xml; path = Info.plist; sourceTree = "<group>"; };
		24CF5504237AD3DB0084170B /* MeeKouluunUITests.xctest */ = {isa = PBXFileReference; explicitFileType = wrapper.cfbundle; includeInIndex = 0; path = MeeKouluunUITests.xctest; sourceTree = BUILT_PRODUCTS_DIR; };
		24CF5508237AD3DC0084170B /* MeeKouluunUITests.swift */ = {isa = PBXFileReference; lastKnownFileType = sourcecode.swift; path = MeeKouluunUITests.swift; sourceTree = "<group>"; };
		24CF550A237AD3DC0084170B /* Info.plist */ = {isa = PBXFileReference; lastKnownFileType = text.plist.xml; path = Info.plist; sourceTree = "<group>"; };
/* End PBXFileReference section */

/* Begin PBXFrameworksBuildPhase section */
		24CF54E0237AD3D70084170B /* Frameworks */ = {
			isa = PBXFrameworksBuildPhase;
			buildActionMask = 2147483647;
			files = (
			);
			runOnlyForDeploymentPostprocessing = 0;
		};
		24CF54F6237AD3DB0084170B /* Frameworks */ = {
			isa = PBXFrameworksBuildPhase;
			buildActionMask = 2147483647;
			files = (
			);
			runOnlyForDeploymentPostprocessing = 0;
		};
		24CF5501237AD3DB0084170B /* Frameworks */ = {
			isa = PBXFrameworksBuildPhase;
			buildActionMask = 2147483647;
			files = (
			);
			runOnlyForDeploymentPostprocessing = 0;
		};
/* End PBXFrameworksBuildPhase section */

/* Begin PBXGroup section */
		24CF54DA237AD3D70084170B = {
			isa = PBXGroup;
			children = (
				24CF54E5237AD3D80084170B /* MeeKouluun */,
				24CF54FC237AD3DB0084170B /* MeeKouluunTests */,
				24CF5507237AD3DB0084170B /* MeeKouluunUITests */,
				24CF54E4237AD3D80084170B /* Products */,
			);
			sourceTree = "<group>";
		};
		24CF54E4237AD3D80084170B /* Products */ = {
			isa = PBXGroup;
			children = (
				24CF54E3237AD3D80084170B /* MeeKouluun.app */,
				24CF54F9237AD3DB0084170B /* MeeKouluunTests.xctest */,
				24CF5504237AD3DB0084170B /* MeeKouluunUITests.xctest */,
			);
			name = Products;
			sourceTree = "<group>";
		};
		24CF54E5237AD3D80084170B /* MeeKouluun */ = {
			isa = PBXGroup;
			children = (
				24CF54E6237AD3D80084170B /* AppDelegate.swift */,
				24CF54E8237AD3D80084170B /* SceneDelegate.swift */,
				24CF54EA237AD3D80084170B /* ViewController.swift */,
				24CF54EC237AD3D80084170B /* Main.storyboard */,
				24CF54EF237AD3DB0084170B /* Assets.xcassets */,
				24CF54F1237AD3DB0084170B /* LaunchScreen.storyboard */,
				24CF54F4237AD3DB0084170B /* Info.plist */,
			);
			path = MeeKouluun;
			sourceTree = "<group>";
		};
		24CF54FC237AD3DB0084170B /* MeeKouluunTests */ = {
			isa = PBXGroup;
			children = (
				24CF54FD237AD3DB0084170B /* MeeKouluunTests.swift */,
				24CF54FF237AD3DB0084170B /* Info.plist */,
			);
			path = MeeKouluunTests;
			sourceTree = "<group>";
		};
		24CF5507237AD3DB0084170B /* MeeKouluunUITests */ = {
			isa = PBXGroup;
			children = (
				24CF5508237AD3DC0084170B /* MeeKouluunUITests.swift */,
				24CF550A237AD3DC0084170B /* Info.plist */,
			);
			path = MeeKouluunUITests;
			sourceTree = "<group>";
		};
/* End PBXGroup section */

/* Begin PBXNativeTarget section */
		24CF54E2237AD3D70084170B /* MeeKouluun */ = {
			isa = PBXNativeTarget;
			buildConfigurationList = 24CF550D237AD3DC0084170B /* Build configuration list for PBXNativeTarget "MeeKouluun" */;
			buildPhases = (
				24CF54DF237AD3D70084170B /* Sources */,
				24CF54E0237AD3D70084170B /* Frameworks */,
				24CF54E1237AD3D70084170B /* Resources */,
			);
			buildRules = (
			);
			dependencies = (
			);
			name = MeeKouluun;
			productName = MeeKouluun;
			productReference = 24CF54E3237AD3D80084170B /* MeeKouluun.app */;
			productType = "com.apple.product-type.application";
		};
		24CF54F8237AD3DB0084170B /* MeeKouluunTests */ = {
			isa = PBXNativeTarget;
			buildConfigurationList = 24CF5510237AD3DC0084170B /* Build configuration list for PBXNativeTarget "MeeKouluunTests" */;
			buildPhases = (
				24CF54F5237AD3DB0084170B /* Sources */,
				24CF54F6237AD3DB0084170B /* Frameworks */,
				24CF54F7237AD3DB0084170B /* Resources */,
			);
			buildRules = (
			);
			dependencies = (
				24CF54FB237AD3DB0084170B /* PBXTargetDependency */,
			);
			name = MeeKouluunTests;
			productName = MeeKouluunTests;
			productReference = 24CF54F9237AD3DB0084170B /* MeeKouluunTests.xctest */;
			productType = "com.apple.product-type.bundle.unit-test";
		};
		24CF5503237AD3DB0084170B /* MeeKouluunUITests */ = {
			isa = PBXNativeTarget;
			buildConfigurationList = 24CF5513237AD3DC0084170B /* Build configuration list for PBXNativeTarget "MeeKouluunUITests" */;
			buildPhases = (
				24CF5500237AD3DB0084170B /* Sources */,
				24CF5501237AD3DB0084170B /* Frameworks */,
				24CF5502237AD3DB0084170B /* Resources */,
			);
			buildRules = (
			);
			dependencies = (
				24CF5506237AD3DB0084170B /* PBXTargetDependency */,
			);
			name = MeeKouluunUITests;
			productName = MeeKouluunUITests;
			productReference = 24CF5504237AD3DB0084170B /* MeeKouluunUITests.xctest */;
			productType = "com.apple.product-type.bundle.ui-testing";
		};
/* End PBXNativeTarget section */

/* Begin PBXProject section */
		24CF54DB237AD3D70084170B /* Project object */ = {
			isa = PBXProject;
			attributes = {
				LastSwiftUpdateCheck = 1110;
				LastUpgradeCheck = 1110;
				ORGANIZATIONNAME = "Empathy Slayers";
				TargetAttributes = {
					24CF54E2237AD3D70084170B = {
						CreatedOnToolsVersion = 11.1;
					};
					24CF54F8237AD3DB0084170B = {
						CreatedOnToolsVersion = 11.1;
						TestTargetID = 24CF54E2237AD3D70084170B;
					};
					24CF5503237AD3DB0084170B = {
						CreatedOnToolsVersion = 11.1;
						TestTargetID = 24CF54E2237AD3D70084170B;
					};
				};
			};
			buildConfigurationList = 24CF54DE237AD3D70084170B /* Build configuration list for PBXProject "MeeKouluun" */;
			compatibilityVersion = "Xcode 9.3";
			developmentRegion = en;
			hasScannedForEncodings = 0;
			knownRegions = (
				en,
				Base,
			);
			mainGroup = 24CF54DA237AD3D70084170B;
			productRefGroup = 24CF54E4237AD3D80084170B /* Products */;
			projectDirPath = "";
			projectRoot = "";
			targets = (
				24CF54E2237AD3D70084170B /* MeeKouluun */,
				24CF54F8237AD3DB0084170B /* MeeKouluunTests */,
				24CF5503237AD3DB0084170B /* MeeKouluunUITests */,
			);
		};
/* End PBXProject section */

/* Begin PBXResourcesBuildPhase section */
		24CF54E1237AD3D70084170B /* Resources */ = {
			isa = PBXResourcesBuildPhase;
			buildActionMask = 2147483647;
			files = (
				24CF54F3237AD3DB0084170B /* LaunchScreen.storyboard in Resources */,
				24CF54F0237AD3DB0084170B /* Assets.xcassets in Resources */,
				24CF54EE237AD3D80084170B /* Main.storyboard in Resources */,
			);
			runOnlyForDeploymentPostprocessing = 0;
		};
		24CF54F7237AD3DB0084170B /* Resources */ = {
			isa = PBXResourcesBuildPhase;
			buildActionMask = 2147483647;
			files = (
			);
			runOnlyForDeploymentPostprocessing = 0;
		};
		24CF5502237AD3DB0084170B /* Resources */ = {
			isa = PBXResourcesBuildPhase;
			buildActionMask = 2147483647;
			files = (
			);
			runOnlyForDeploymentPostprocessing = 0;
		};
/* End PBXResourcesBuildPhase section */

/* Begin PBXSourcesBuildPhase section */
		24CF54DF237AD3D70084170B /* Sources */ = {
			isa = PBXSourcesBuildPhase;
			buildActionMask = 2147483647;
			files = (
				24CF54EB237AD3D80084170B /* ViewController.swift in Sources */,
				24CF54E7237AD3D80084170B /* AppDelegate.swift in Sources */,
				24CF54E9237AD3D80084170B /* SceneDelegate.swift in Sources */,
			);
			runOnlyForDeploymentPostprocessing = 0;
		};
		24CF54F5237AD3DB0084170B /* Sources */ = {
			isa = PBXSourcesBuildPhase;
			buildActionMask = 2147483647;
			files = (
				24CF54FE237AD3DB0084170B /* MeeKouluunTests.swift in Sources */,
			);
			runOnlyForDeploymentPostprocessing = 0;
		};
		24CF5500237AD3DB0084170B /* Sources */ = {
			isa = PBXSourcesBuildPhase;
			buildActionMask = 2147483647;
			files = (
				24CF5509237AD3DC0084170B /* MeeKouluunUITests.swift in Sources */,
			);
			runOnlyForDeploymentPostprocessing = 0;
		};
/* End PBXSourcesBuildPhase section */

/* Begin PBXTargetDependency section */
		24CF54FB237AD3DB0084170B /* PBXTargetDependency */ = {
			isa = PBXTargetDependency;
			target = 24CF54E2237AD3D70084170B /* MeeKouluun */;
			targetProxy = 24CF54FA237AD3DB0084170B /* PBXContainerItemProxy */;
		};
		24CF5506237AD3DB0084170B /* PBXTargetDependency */ = {
			isa = PBXTargetDependency;
			target = 24CF54E2237AD3D70084170B /* MeeKouluun */;
			targetProxy = 24CF5505237AD3DB0084170B /* PBXContainerItemProxy */;
		};
/* End PBXTargetDependency section */

/* Begin PBXVariantGroup section */
		24CF54EC237AD3D80084170B /* Main.storyboard */ = {
			isa = PBXVariantGroup;
			children = (
				24CF54ED237AD3D80084170B /* Base */,
			);
			name = Main.storyboard;
			sourceTree = "<group>";
		};
		24CF54F1237AD3DB0084170B /* LaunchScreen.storyboard */ = {
			isa = PBXVariantGroup;
			children = (
				24CF54F2237AD3DB0084170B /* Base */,
			);
			name = LaunchScreen.storyboard;
			sourceTree = "<group>";
		};
/* End PBXVariantGroup section */

/* Begin XCBuildConfiguration section */
		24CF550B237AD3DC0084170B /* Debug */ = {
			isa = XCBuildConfiguration;
			buildSettings = {
				ALWAYS_SEARCH_USER_PATHS = NO;
				CLANG_ANALYZER_NONNULL = YES;
				CLANG_ANALYZER_NUMBER_OBJECT_CONVERSION = YES_AGGRESSIVE;
				CLANG_CXX_LANGUAGE_STANDARD = "gnu++14";
				CLANG_CXX_LIBRARY = "libc++";
				CLANG_ENABLE_MODULES = YES;
				CLANG_ENABLE_OBJC_ARC = YES;
				CLANG_ENABLE_OBJC_WEAK = YES;
				CLANG_WARN_BLOCK_CAPTURE_AUTORELEASING = YES;
				CLANG_WARN_BOOL_CONVERSION = YES;
				CLANG_WARN_COMMA = YES;
				CLANG_WARN_CONSTANT_CONVERSION = YES;
				CLANG_WARN_DEPRECATED_OBJC_IMPLEMENTATIONS = YES;
				CLANG_WARN_DIRECT_OBJC_ISA_USAGE = YES_ERROR;
				CLANG_WARN_DOCUMENTATION_COMMENTS = YES;
				CLANG_WARN_EMPTY_BODY = YES;
				CLANG_WARN_ENUM_CONVERSION = YES;
				CLANG_WARN_INFINITE_RECURSION = YES;
				CLANG_WARN_INT_CONVERSION = YES;
				CLANG_WARN_NON_LITERAL_NULL_CONVERSION = YES;
				CLANG_WARN_OBJC_IMPLICIT_RETAIN_SELF = YES;
				CLANG_WARN_OBJC_LITERAL_CONVERSION = YES;
				CLANG_WARN_OBJC_ROOT_CLASS = YES_ERROR;
				CLANG_WARN_RANGE_LOOP_ANALYSIS = YES;
				CLANG_WARN_STRICT_PROTOTYPES = YES;
				CLANG_WARN_SUSPICIOUS_MOVE = YES;
				CLANG_WARN_UNGUARDED_AVAILABILITY = YES_AGGRESSIVE;
				CLANG_WARN_UNREACHABLE_CODE = YES;
				CLANG_WARN__DUPLICATE_METHOD_MATCH = YES;
				COPY_PHASE_STRIP = NO;
				DEBUG_INFORMATION_FORMAT = dwarf;
				ENABLE_STRICT_OBJC_MSGSEND = YES;
				ENABLE_TESTABILITY = YES;
				GCC_C_LANGUAGE_STANDARD = gnu11;
				GCC_DYNAMIC_NO_PIC = NO;
				GCC_NO_COMMON_BLOCKS = YES;
				GCC_OPTIMIZATION_LEVEL = 0;
				GCC_PREPROCESSOR_DEFINITIONS = (
					"DEBUG=1",
					"$(inherited)",
				);
				GCC_WARN_64_TO_32_BIT_CONVERSION = YES;
				GCC_WARN_ABOUT_RETURN_TYPE = YES_ERROR;
				GCC_WARN_UNDECLARED_SELECTOR = YES;
				GCC_WARN_UNINITIALIZED_AUTOS = YES_AGGRESSIVE;
				GCC_WARN_UNUSED_FUNCTION = YES;
				GCC_WARN_UNUSED_VARIABLE = YES;
				IPHONEOS_DEPLOYMENT_TARGET = 13.1;
				MTL_ENABLE_DEBUG_INFO = INCLUDE_SOURCE;
				MTL_FAST_MATH = YES;
				ONLY_ACTIVE_ARCH = YES;
				SDKROOT = iphoneos;
				SWIFT_ACTIVE_COMPILATION_CONDITIONS = DEBUG;
				SWIFT_OPTIMIZATION_LEVEL = "-Onone";
			};
			name = Debug;
		};
		24CF550C237AD3DC0084170B /* Release */ = {
			isa = XCBuildConfiguration;
			buildSettings = {
				ALWAYS_SEARCH_USER_PATHS = NO;
				CLANG_ANALYZER_NONNULL = YES;
				CLANG_ANALYZER_NUMBER_OBJECT_CONVERSION = YES_AGGRESSIVE;
				CLANG_CXX_LANGUAGE_STANDARD = "gnu++14";
				CLANG_CXX_LIBRARY = "libc++";
				CLANG_ENABLE_MODULES = YES;
				CLANG_ENABLE_OBJC_ARC = YES;
				CLANG_ENABLE_OBJC_WEAK = YES;
				CLANG_WARN_BLOCK_CAPTURE_AUTORELEASING = YES;
				CLANG_WARN_BOOL_CONVERSION = YES;
				CLANG_WARN_COMMA = YES;
				CLANG_WARN_CONSTANT_CONVERSION = YES;
				CLANG_WARN_DEPRECATED_OBJC_IMPLEMENTATIONS = YES;
				CLANG_WARN_DIRECT_OBJC_ISA_USAGE = YES_ERROR;
				CLANG_WARN_DOCUMENTATION_COMMENTS = YES;
				CLANG_WARN_EMPTY_BODY = YES;
				CLANG_WARN_ENUM_CONVERSION = YES;
				CLANG_WARN_INFINITE_RECURSION = YES;
				CLANG_WARN_INT_CONVERSION = YES;
				CLANG_WARN_NON_LITERAL_NULL_CONVERSION = YES;
				CLANG_WARN_OBJC_IMPLICIT_RETAIN_SELF = YES;
				CLANG_WARN_OBJC_LITERAL_CONVERSION = YES;
				CLANG_WARN_OBJC_ROOT_CLASS = YES_ERROR;
				CLANG_WARN_RANGE_LOOP_ANALYSIS = YES;
				CLANG_WARN_STRICT_PROTOTYPES = YES;
				CLANG_WARN_SUSPICIOUS_MOVE = YES;
				CLANG_WARN_UNGUARDED_AVAILABILITY = YES_AGGRESSIVE;
				CLANG_WARN_UNREACHABLE_CODE = YES;
				CLANG_WARN__DUPLICATE_METHOD_MATCH = YES;
				COPY_PHASE_STRIP = NO;
				DEBUG_INFORMATION_FORMAT = "dwarf-with-dsym";
				ENABLE_NS_ASSERTIONS = NO;
				ENABLE_STRICT_OBJC_MSGSEND = YES;
				GCC_C_LANGUAGE_STANDARD = gnu11;
				GCC_NO_COMMON_BLOCKS = YES;
				GCC_WARN_64_TO_32_BIT_CONVERSION = YES;
				GCC_WARN_ABOUT_RETURN_TYPE = YES_ERROR;
				GCC_WARN_UNDECLARED_SELECTOR = YES;
				GCC_WARN_UNINITIALIZED_AUTOS = YES_AGGRESSIVE;
				GCC_WARN_UNUSED_FUNCTION = YES;
				GCC_WARN_UNUSED_VARIABLE = YES;
				IPHONEOS_DEPLOYMENT_TARGET = 13.1;
				MTL_ENABLE_DEBUG_INFO = NO;
				MTL_FAST_MATH = YES;
				SDKROOT = iphoneos;
				SWIFT_COMPILATION_MODE = wholemodule;
				SWIFT_OPTIMIZATION_LEVEL = "-O";
				VALIDATE_PRODUCT = YES;
			};
			name = Release;
		};
		24CF550E237AD3DC0084170B /* Debug */ = {
			isa = XCBuildConfiguration;
			buildSettings = {
				ASSETCATALOG_COMPILER_APPICON_NAME = AppIcon;
				CODE_SIGN_STYLE = Automatic;
				INFOPLIST_FILE = MeeKouluun/Info.plist;
				LD_RUNPATH_SEARCH_PATHS = (
					"$(inherited)",
					"@executable_path/Frameworks",
				);
				PRODUCT_BUNDLE_IDENTIFIER = "-.MeeKouluun";
				PRODUCT_NAME = "$(TARGET_NAME)";
				SWIFT_VERSION = 5.0;
				TARGETED_DEVICE_FAMILY = "1,2";
			};
			name = Debug;
		};
		24CF550F237AD3DC0084170B /* Release */ = {
			isa = XCBuildConfiguration;
			buildSettings = {
				ASSETCATALOG_COMPILER_APPICON_NAME = AppIcon;
				CODE_SIGN_STYLE = Automatic;
				INFOPLIST_FILE = MeeKouluun/Info.plist;
				LD_RUNPATH_SEARCH_PATHS = (
					"$(inherited)",
					"@executable_path/Frameworks",
				);
				PRODUCT_BUNDLE_IDENTIFIER = "-.MeeKouluun";
				PRODUCT_NAME = "$(TARGET_NAME)";
				SWIFT_VERSION = 5.0;
				TARGETED_DEVICE_FAMILY = "1,2";
			};
			name = Release;
		};
		24CF5511237AD3DC0084170B /* Debug */ = {
			isa = XCBuildConfiguration;
			buildSettings = {
				ALWAYS_EMBED_SWIFT_STANDARD_LIBRARIES = YES;
				BUNDLE_LOADER = "$(TEST_HOST)";
				CODE_SIGN_STYLE = Automatic;
				INFOPLIST_FILE = MeeKouluunTests/Info.plist;
				IPHONEOS_DEPLOYMENT_TARGET = 13.1;
				LD_RUNPATH_SEARCH_PATHS = (
					"$(inherited)",
					"@executable_path/Frameworks",
					"@loader_path/Frameworks",
				);
				PRODUCT_BUNDLE_IDENTIFIER = "-.MeeKouluunTests";
				PRODUCT_NAME = "$(TARGET_NAME)";
				SWIFT_VERSION = 5.0;
				TARGETED_DEVICE_FAMILY = "1,2";
				TEST_HOST = "$(BUILT_PRODUCTS_DIR)/MeeKouluun.app/MeeKouluun";
			};
			name = Debug;
		};
		24CF5512237AD3DC0084170B /* Release */ = {
			isa = XCBuildConfiguration;
			buildSettings = {
				ALWAYS_EMBED_SWIFT_STANDARD_LIBRARIES = YES;
				BUNDLE_LOADER = "$(TEST_HOST)";
				CODE_SIGN_STYLE = Automatic;
				INFOPLIST_FILE = MeeKouluunTests/Info.plist;
				IPHONEOS_DEPLOYMENT_TARGET = 13.1;
				LD_RUNPATH_SEARCH_PATHS = (
					"$(inherited)",
					"@executable_path/Frameworks",
					"@loader_path/Frameworks",
				);
				PRODUCT_BUNDLE_IDENTIFIER = "-.MeeKouluunTests";
				PRODUCT_NAME = "$(TARGET_NAME)";
				SWIFT_VERSION = 5.0;
				TARGETED_DEVICE_FAMILY = "1,2";
				TEST_HOST = "$(BUILT_PRODUCTS_DIR)/MeeKouluun.app/MeeKouluun";
			};
			name = Release;
		};
		24CF5514237AD3DC0084170B /* Debug */ = {
			isa = XCBuildConfiguration;
			buildSettings = {
				ALWAYS_EMBED_SWIFT_STANDARD_LIBRARIES = YES;
				CODE_SIGN_STYLE = Automatic;
				INFOPLIST_FILE = MeeKouluunUITests/Info.plist;
				LD_RUNPATH_SEARCH_PATHS = (
					"$(inherited)",
					"@executable_path/Frameworks",
					"@loader_path/Frameworks",
				);
				PRODUCT_BUNDLE_IDENTIFIER = "-.MeeKouluunUITests";
				PRODUCT_NAME = "$(TARGET_NAME)";
				SWIFT_VERSION = 5.0;
				TARGETED_DEVICE_FAMILY = "1,2";
				TEST_TARGET_NAME = MeeKouluun;
			};
			name = Debug;
		};
		24CF5515237AD3DC0084170B /* Release */ = {
			isa = XCBuildConfiguration;
			buildSettings = {
				ALWAYS_EMBED_SWIFT_STANDARD_LIBRARIES = YES;
				CODE_SIGN_STYLE = Automatic;
				INFOPLIST_FILE = MeeKouluunUITests/Info.plist;
				LD_RUNPATH_SEARCH_PATHS = (
					"$(inherited)",
					"@executable_path/Frameworks",
					"@loader_path/Frameworks",
				);
				PRODUCT_BUNDLE_IDENTIFIER = "-.MeeKouluunUITests";
				PRODUCT_NAME = "$(TARGET_NAME)";
				SWIFT_VERSION = 5.0;
				TARGETED_DEVICE_FAMILY = "1,2";
				TEST_TARGET_NAME = MeeKouluun;
			};
			name = Release;
		};
/* End XCBuildConfiguration section */

/* Begin XCConfigurationList section */
		24CF54DE237AD3D70084170B /* Build configuration list for PBXProject "MeeKouluun" */ = {
			isa = XCConfigurationList;
			buildConfigurations = (
				24CF550B237AD3DC0084170B /* Debug */,
				24CF550C237AD3DC0084170B /* Release */,
			);
			defaultConfigurationIsVisible = 0;
			defaultConfigurationName = Release;
		};
		24CF550D237AD3DC0084170B /* Build configuration list for PBXNativeTarget "MeeKouluun" */ = {
			isa = XCConfigurationList;
			buildConfigurations = (
				24CF550E237AD3DC0084170B /* Debug */,
				24CF550F237AD3DC0084170B /* Release */,
			);
			defaultConfigurationIsVisible = 0;
			defaultConfigurationName = Release;
		};
		24CF5510237AD3DC0084170B /* Build configuration list for PBXNativeTarget "MeeKouluunTests" */ = {
			isa = XCConfigurationList;
			buildConfigurations = (
				24CF5511237AD3DC0084170B /* Debug */,
				24CF5512237AD3DC0084170B /* Release */,
			);
			defaultConfigurationIsVisible = 0;
			defaultConfigurationName = Release;
		};
		24CF5513237AD3DC0084170B /* Build configuration list for PBXNativeTarget "MeeKouluunUITests" */ = {
			isa = XCConfigurationList;
			buildConfigurations = (
				24CF5514237AD3DC0084170B /* Debug */,
				24CF5515237AD3DC0084170B /* Release */,
			);
			defaultConfigurationIsVisible = 0;
			defaultConfigurationName = Release;
		};
/* End XCConfigurationList section */
	};
	rootObject = 24CF54DB237AD3D70084170B /* Project object */;
}
