// !$*UTF8*$!
{
	archiveVersion = 1;
	classes = {
	};
	objectVersion = 51;
	objects = {

/* Begin PBXBuildFile section */
		1D89BCA204DA0AE88D99D43F /* Pods_Alpha_AlphaUITests.framework in Frameworks */ = {isa = PBXBuildFile; fileRef = 5ACEA5D0206DAF77858CF0CC /* Pods_Alpha_AlphaUITests.framework */; };
		24DD128F238FB83F002EC8BA /* Default-568h@2x.png in Resources */ = {isa = PBXBuildFile; fileRef = 24DD128E238FB83F002EC8BA /* Default-568h@2x.png */; };
		6A18D08A238C044400A66EF9 /* SingleResult.swift in Sources */ = {isa = PBXBuildFile; fileRef = 6A18D089238C044400A66EF9 /* SingleResult.swift */; };
		6A18D08C238C0A3C00A66EF9 /* ResultsCell.swift in Sources */ = {isa = PBXBuildFile; fileRef = 6A18D08B238C0A3C00A66EF9 /* ResultsCell.swift */; };
		6A18D08E238C0B2800A66EF9 /* ResultsViewController.swift in Sources */ = {isa = PBXBuildFile; fileRef = 6A18D08D238C0B2800A66EF9 /* ResultsViewController.swift */; };
		6A18D090238C0FB400A66EF9 /* FetchResults.swift in Sources */ = {isa = PBXBuildFile; fileRef = 6A18D08F238C0FB400A66EF9 /* FetchResults.swift */; };
		6A18D09323952E7300A66EF9 /* Results.storyboard in Resources */ = {isa = PBXBuildFile; fileRef = 6A18D09223952E7300A66EF9 /* Results.storyboard */; };
		6A18D09623952E9B00A66EF9 /* Questions.storyboard in Resources */ = {isa = PBXBuildFile; fileRef = 6A18D09523952E9B00A66EF9 /* Questions.storyboard */; };
		6A3D11EC23844B8D0073EFB9 /* PageViewController.swift in Sources */ = {isa = PBXBuildFile; fileRef = 6A3D11EB23844B8D0073EFB9 /* PageViewController.swift */; };
		6A3D11EE23844D4E0073EFB9 /* PageViewControllerTest.swift in Sources */ = {isa = PBXBuildFile; fileRef = 6A3D11ED23844D4E0073EFB9 /* PageViewControllerTest.swift */; };
		6A411492238469CE0073B802 /* Questions10.swift in Sources */ = {isa = PBXBuildFile; fileRef = 6A411491238469CE0073B802 /* Questions10.swift */; };
		6A673A462383D93700F96C07 /* AppDelegate.swift in Sources */ = {isa = PBXBuildFile; fileRef = 6A673A452383D93700F96C07 /* AppDelegate.swift */; };
		6A673A482383D93700F96C07 /* ViewController.swift in Sources */ = {isa = PBXBuildFile; fileRef = 6A673A472383D93700F96C07 /* ViewController.swift */; };
		6A673A4B2383D93700F96C07 /* Main.storyboard in Resources */ = {isa = PBXBuildFile; fileRef = 6A673A492383D93700F96C07 /* Main.storyboard */; };
		6A673A4E2383D93700F96C07 /* Alpha.xcdatamodeld in Sources */ = {isa = PBXBuildFile; fileRef = 6A673A4C2383D93700F96C07 /* Alpha.xcdatamodeld */; };
		6A673A502383D93900F96C07 /* Assets.xcassets in Resources */ = {isa = PBXBuildFile; fileRef = 6A673A4F2383D93900F96C07 /* Assets.xcassets */; };
		6A673A532383D93900F96C07 /* LaunchScreen.storyboard in Resources */ = {isa = PBXBuildFile; fileRef = 6A673A512383D93900F96C07 /* LaunchScreen.storyboard */; };
		6A673A5E2383D93900F96C07 /* AlphaTests.swift in Sources */ = {isa = PBXBuildFile; fileRef = 6A673A5D2383D93900F96C07 /* AlphaTests.swift */; };
		6A673A692383D93900F96C07 /* AlphaUITests.swift in Sources */ = {isa = PBXBuildFile; fileRef = 6A673A682383D93900F96C07 /* AlphaUITests.swift */; };
		6A673A792383D98000F96C07 /* BasicQuestions1.swift in Sources */ = {isa = PBXBuildFile; fileRef = 6A673A782383D98000F96C07 /* BasicQuestions1.swift */; };
		6A673A7B2383D99200F96C07 /* Questions1.swift in Sources */ = {isa = PBXBuildFile; fileRef = 6A673A7A2383D99200F96C07 /* Questions1.swift */; };
		6A673A7D2383D9A200F96C07 /* Questions2.swift in Sources */ = {isa = PBXBuildFile; fileRef = 6A673A7C2383D9A200F96C07 /* Questions2.swift */; };
		6A793E92238550D30075DE6E /* Person.swift in Sources */ = {isa = PBXBuildFile; fileRef = 6A793E91238550D30075DE6E /* Person.swift */; };
		6A793E94238567060075DE6E /* BasicQuestions2.swift in Sources */ = {isa = PBXBuildFile; fileRef = 6A793E93238567060075DE6E /* BasicQuestions2.swift */; };
		6A793E96238569880075DE6E /* BasicQuestions3.swift in Sources */ = {isa = PBXBuildFile; fileRef = 6A793E95238569880075DE6E /* BasicQuestions3.swift */; };
		9B3E241253E41EE3CC59B23E /* Pods_Alpha.framework in Frameworks */ = {isa = PBXBuildFile; fileRef = 8A595ECD1D3F8D142360549B /* Pods_Alpha.framework */; };
		ED30D8DEEEB0D8E94853FDE3 /* Pods_AlphaTests.framework in Frameworks */ = {isa = PBXBuildFile; fileRef = D428F006CFDDF0A8523A6180 /* Pods_AlphaTests.framework */; };
/* End PBXBuildFile section */

/* Begin PBXContainerItemProxy section */
		6A673A5A2383D93900F96C07 /* PBXContainerItemProxy */ = {
			isa = PBXContainerItemProxy;
			containerPortal = 6A673A3A2383D93700F96C07 /* Project object */;
			proxyType = 1;
			remoteGlobalIDString = 6A673A412383D93700F96C07;
			remoteInfo = Alpha;
		};
		6A673A652383D93900F96C07 /* PBXContainerItemProxy */ = {
			isa = PBXContainerItemProxy;
			containerPortal = 6A673A3A2383D93700F96C07 /* Project object */;
			proxyType = 1;
			remoteGlobalIDString = 6A673A412383D93700F96C07;
			remoteInfo = Alpha;
		};
/* End PBXContainerItemProxy section */

/* Begin PBXFileReference section */
		24DD128E238FB83F002EC8BA /* Default-568h@2x.png */ = {isa = PBXFileReference; lastKnownFileType = image.png; path = "Default-568h@2x.png"; sourceTree = "<group>"; };
		4438564146E3EA683A82F40A /* Pods-Alpha-AlphaUITests.debug.xcconfig */ = {isa = PBXFileReference; includeInIndex = 1; lastKnownFileType = text.xcconfig; name = "Pods-Alpha-AlphaUITests.debug.xcconfig"; path = "Target Support Files/Pods-Alpha-AlphaUITests/Pods-Alpha-AlphaUITests.debug.xcconfig"; sourceTree = "<group>"; };
		5ACEA5D0206DAF77858CF0CC /* Pods_Alpha_AlphaUITests.framework */ = {isa = PBXFileReference; explicitFileType = wrapper.framework; includeInIndex = 0; path = Pods_Alpha_AlphaUITests.framework; sourceTree = BUILT_PRODUCTS_DIR; };
		5D24C89B7CF0602DF34CE6B1 /* Pods-Alpha.release.xcconfig */ = {isa = PBXFileReference; includeInIndex = 1; lastKnownFileType = text.xcconfig; name = "Pods-Alpha.release.xcconfig"; path = "Target Support Files/Pods-Alpha/Pods-Alpha.release.xcconfig"; sourceTree = "<group>"; };
		6A18D089238C044400A66EF9 /* SingleResult.swift */ = {isa = PBXFileReference; lastKnownFileType = sourcecode.swift; path = SingleResult.swift; sourceTree = "<group>"; };
		6A18D08B238C0A3C00A66EF9 /* ResultsCell.swift */ = {isa = PBXFileReference; lastKnownFileType = sourcecode.swift; path = ResultsCell.swift; sourceTree = "<group>"; };
		6A18D08D238C0B2800A66EF9 /* ResultsViewController.swift */ = {isa = PBXFileReference; lastKnownFileType = sourcecode.swift; path = ResultsViewController.swift; sourceTree = "<group>"; };
		6A18D08F238C0FB400A66EF9 /* FetchResults.swift */ = {isa = PBXFileReference; lastKnownFileType = sourcecode.swift; path = FetchResults.swift; sourceTree = "<group>"; };
		6A18D09223952E7300A66EF9 /* Results.storyboard */ = {isa = PBXFileReference; lastKnownFileType = file.storyboard; path = Results.storyboard; sourceTree = "<group>"; };
		6A18D09523952E9B00A66EF9 /* Questions.storyboard */ = {isa = PBXFileReference; lastKnownFileType = file.storyboard; path = Questions.storyboard; sourceTree = "<group>"; };
		6A3D11EB23844B8D0073EFB9 /* PageViewController.swift */ = {isa = PBXFileReference; lastKnownFileType = sourcecode.swift; path = PageViewController.swift; sourceTree = "<group>"; };
		6A3D11ED23844D4E0073EFB9 /* PageViewControllerTest.swift */ = {isa = PBXFileReference; lastKnownFileType = sourcecode.swift; path = PageViewControllerTest.swift; sourceTree = "<group>"; };
		6A411491238469CE0073B802 /* Questions10.swift */ = {isa = PBXFileReference; lastKnownFileType = sourcecode.swift; path = Questions10.swift; sourceTree = "<group>"; };
		6A673A422383D93700F96C07 /* Alpha.app */ = {isa = PBXFileReference; explicitFileType = wrapper.application; includeInIndex = 0; path = Alpha.app; sourceTree = BUILT_PRODUCTS_DIR; };
		6A673A452383D93700F96C07 /* AppDelegate.swift */ = {isa = PBXFileReference; lastKnownFileType = sourcecode.swift; path = AppDelegate.swift; sourceTree = "<group>"; };
		6A673A472383D93700F96C07 /* ViewController.swift */ = {isa = PBXFileReference; lastKnownFileType = sourcecode.swift; path = ViewController.swift; sourceTree = "<group>"; };
		6A673A4A2383D93700F96C07 /* Base */ = {isa = PBXFileReference; lastKnownFileType = file.storyboard; name = Base; path = Base.lproj/Main.storyboard; sourceTree = "<group>"; };
		6A673A4D2383D93700F96C07 /* Alpha.xcdatamodel */ = {isa = PBXFileReference; lastKnownFileType = wrapper.xcdatamodel; path = Alpha.xcdatamodel; sourceTree = "<group>"; };
		6A673A4F2383D93900F96C07 /* Assets.xcassets */ = {isa = PBXFileReference; lastKnownFileType = folder.assetcatalog; path = Assets.xcassets; sourceTree = "<group>"; };
		6A673A522383D93900F96C07 /* Base */ = {isa = PBXFileReference; lastKnownFileType = file.storyboard; name = Base; path = Base.lproj/LaunchScreen.storyboard; sourceTree = "<group>"; };
		6A673A542383D93900F96C07 /* Info.plist */ = {isa = PBXFileReference; lastKnownFileType = text.plist.xml; path = Info.plist; sourceTree = "<group>"; };
		6A673A592383D93900F96C07 /* AlphaTests.xctest */ = {isa = PBXFileReference; explicitFileType = wrapper.cfbundle; includeInIndex = 0; path = AlphaTests.xctest; sourceTree = BUILT_PRODUCTS_DIR; };
		6A673A5D2383D93900F96C07 /* AlphaTests.swift */ = {isa = PBXFileReference; lastKnownFileType = sourcecode.swift; path = AlphaTests.swift; sourceTree = "<group>"; };
		6A673A5F2383D93900F96C07 /* Info.plist */ = {isa = PBXFileReference; lastKnownFileType = text.plist.xml; path = Info.plist; sourceTree = "<group>"; };
		6A673A642383D93900F96C07 /* AlphaUITests.xctest */ = {isa = PBXFileReference; explicitFileType = wrapper.cfbundle; includeInIndex = 0; path = AlphaUITests.xctest; sourceTree = BUILT_PRODUCTS_DIR; };
		6A673A682383D93900F96C07 /* AlphaUITests.swift */ = {isa = PBXFileReference; lastKnownFileType = sourcecode.swift; path = AlphaUITests.swift; sourceTree = "<group>"; };
		6A673A6A2383D93900F96C07 /* Info.plist */ = {isa = PBXFileReference; lastKnownFileType = text.plist.xml; path = Info.plist; sourceTree = "<group>"; };
		6A673A782383D98000F96C07 /* BasicQuestions1.swift */ = {isa = PBXFileReference; lastKnownFileType = sourcecode.swift; path = BasicQuestions1.swift; sourceTree = "<group>"; xcLanguageSpecificationIdentifier = xcode.lang.swift; };
		6A673A7A2383D99200F96C07 /* Questions1.swift */ = {isa = PBXFileReference; lastKnownFileType = sourcecode.swift; path = Questions1.swift; sourceTree = "<group>"; };
		6A673A7C2383D9A200F96C07 /* Questions2.swift */ = {isa = PBXFileReference; lastKnownFileType = sourcecode.swift; path = Questions2.swift; sourceTree = "<group>"; };
		6A793E91238550D30075DE6E /* Person.swift */ = {isa = PBXFileReference; fileEncoding = 4; lastKnownFileType = sourcecode.swift; path = Person.swift; sourceTree = "<group>"; };
		6A793E93238567060075DE6E /* BasicQuestions2.swift */ = {isa = PBXFileReference; lastKnownFileType = sourcecode.swift; path = BasicQuestions2.swift; sourceTree = "<group>"; };
		6A793E95238569880075DE6E /* BasicQuestions3.swift */ = {isa = PBXFileReference; lastKnownFileType = sourcecode.swift; path = BasicQuestions3.swift; sourceTree = "<group>"; };
		8A595ECD1D3F8D142360549B /* Pods_Alpha.framework */ = {isa = PBXFileReference; explicitFileType = wrapper.framework; includeInIndex = 0; path = Pods_Alpha.framework; sourceTree = BUILT_PRODUCTS_DIR; };
		9833769063201280B2273DB2 /* Pods-Alpha.debug.xcconfig */ = {isa = PBXFileReference; includeInIndex = 1; lastKnownFileType = text.xcconfig; name = "Pods-Alpha.debug.xcconfig"; path = "Target Support Files/Pods-Alpha/Pods-Alpha.debug.xcconfig"; sourceTree = "<group>"; };
		AA8F7BE3A90E4128226F44BB /* Pods-AlphaTests.release.xcconfig */ = {isa = PBXFileReference; includeInIndex = 1; lastKnownFileType = text.xcconfig; name = "Pods-AlphaTests.release.xcconfig"; path = "Target Support Files/Pods-AlphaTests/Pods-AlphaTests.release.xcconfig"; sourceTree = "<group>"; };
		B59EE7B248FFB0781F97755F /* Pods-AlphaTests.debug.xcconfig */ = {isa = PBXFileReference; includeInIndex = 1; lastKnownFileType = text.xcconfig; name = "Pods-AlphaTests.debug.xcconfig"; path = "Target Support Files/Pods-AlphaTests/Pods-AlphaTests.debug.xcconfig"; sourceTree = "<group>"; };
		D428F006CFDDF0A8523A6180 /* Pods_AlphaTests.framework */ = {isa = PBXFileReference; explicitFileType = wrapper.framework; includeInIndex = 0; path = Pods_AlphaTests.framework; sourceTree = BUILT_PRODUCTS_DIR; };
		EB1AC82DDE93249C24262926 /* Pods-Alpha-AlphaUITests.release.xcconfig */ = {isa = PBXFileReference; includeInIndex = 1; lastKnownFileType = text.xcconfig; name = "Pods-Alpha-AlphaUITests.release.xcconfig"; path = "Target Support Files/Pods-Alpha-AlphaUITests/Pods-Alpha-AlphaUITests.release.xcconfig"; sourceTree = "<group>"; };
/* End PBXFileReference section */

/* Begin PBXFrameworksBuildPhase section */
		6A673A3F2383D93700F96C07 /* Frameworks */ = {
			isa = PBXFrameworksBuildPhase;
			buildActionMask = 2147483647;
			files = (
				9B3E241253E41EE3CC59B23E /* Pods_Alpha.framework in Frameworks */,
			);
			runOnlyForDeploymentPostprocessing = 0;
		};
		6A673A562383D93900F96C07 /* Frameworks */ = {
			isa = PBXFrameworksBuildPhase;
			buildActionMask = 2147483647;
			files = (
				ED30D8DEEEB0D8E94853FDE3 /* Pods_AlphaTests.framework in Frameworks */,
			);
			runOnlyForDeploymentPostprocessing = 0;
		};
		6A673A612383D93900F96C07 /* Frameworks */ = {
			isa = PBXFrameworksBuildPhase;
			buildActionMask = 2147483647;
			files = (
				1D89BCA204DA0AE88D99D43F /* Pods_Alpha_AlphaUITests.framework in Frameworks */,
			);
			runOnlyForDeploymentPostprocessing = 0;
		};
/* End PBXFrameworksBuildPhase section */

/* Begin PBXGroup section */
		24DD128D238FB801002EC8BA /* Recovered References */ = {
			isa = PBXGroup;
			children = (
			);
			name = "Recovered References";
			sourceTree = "<group>";
		};
		6A18D09123952E4500A66EF9 /* ResultsStory */ = {
			isa = PBXGroup;
			children = (
				6A18D08D238C0B2800A66EF9 /* ResultsViewController.swift */,
				6A18D09223952E7300A66EF9 /* Results.storyboard */,
				6A18D08B238C0A3C00A66EF9 /* ResultsCell.swift */,
				6A18D089238C044400A66EF9 /* SingleResult.swift */,
				6A18D08F238C0FB400A66EF9 /* FetchResults.swift */,
			);
			path = ResultsStory;
			sourceTree = "<group>";
		};
		6A18D09423952E7D00A66EF9 /* QuestionsStory */ = {
			isa = PBXGroup;
			children = (
				6A673A7A2383D99200F96C07 /* Questions1.swift */,
				6A18D09523952E9B00A66EF9 /* Questions.storyboard */,
				6A673A7C2383D9A200F96C07 /* Questions2.swift */,
				6A3D11ED23844D4E0073EFB9 /* PageViewControllerTest.swift */,
				6A3D11EB23844B8D0073EFB9 /* PageViewController.swift */,
				6A411491238469CE0073B802 /* Questions10.swift */,
			);
			path = QuestionsStory;
			sourceTree = "<group>";
		};
		6A673A392383D93700F96C07 = {
			isa = PBXGroup;
			children = (
				24DD128E238FB83F002EC8BA /* Default-568h@2x.png */,
				6A673A442383D93700F96C07 /* Alpha */,
				6A673A5C2383D93900F96C07 /* AlphaTests */,
				6A673A672383D93900F96C07 /* AlphaUITests */,
				6A673A432383D93700F96C07 /* Products */,
				70C652406FE2A666404659ED /* Pods */,
				9CC817ACE3262D3122EE303B /* Frameworks */,
				24DD128D238FB801002EC8BA /* Recovered References */,
			);
			sourceTree = "<group>";
		};
		6A673A432383D93700F96C07 /* Products */ = {
			isa = PBXGroup;
			children = (
				6A673A422383D93700F96C07 /* Alpha.app */,
				6A673A592383D93900F96C07 /* AlphaTests.xctest */,
				6A673A642383D93900F96C07 /* AlphaUITests.xctest */,
			);
			name = Products;
			sourceTree = "<group>";
		};
		6A673A442383D93700F96C07 /* Alpha */ = {
			isa = PBXGroup;
			children = (
				6A793E91238550D30075DE6E /* Person.swift */,
				6A673A452383D93700F96C07 /* AppDelegate.swift */,
				6A673A472383D93700F96C07 /* ViewController.swift */,
				6A673A492383D93700F96C07 /* Main.storyboard */,
				6A673A4F2383D93900F96C07 /* Assets.xcassets */,
				6A673A512383D93900F96C07 /* LaunchScreen.storyboard */,
				6A673A542383D93900F96C07 /* Info.plist */,
				6A673A4C2383D93700F96C07 /* Alpha.xcdatamodeld */,
				6A673A782383D98000F96C07 /* BasicQuestions1.swift */,
				6A793E93238567060075DE6E /* BasicQuestions2.swift */,
				6A793E95238569880075DE6E /* BasicQuestions3.swift */,
				6A18D09423952E7D00A66EF9 /* QuestionsStory */,
				6A18D09123952E4500A66EF9 /* ResultsStory */,
			);
			path = Alpha;
			sourceTree = "<group>";
		};
		6A673A5C2383D93900F96C07 /* AlphaTests */ = {
			isa = PBXGroup;
			children = (
				6A673A5D2383D93900F96C07 /* AlphaTests.swift */,
				6A673A5F2383D93900F96C07 /* Info.plist */,
			);
			path = AlphaTests;
			sourceTree = "<group>";
		};
		6A673A672383D93900F96C07 /* AlphaUITests */ = {
			isa = PBXGroup;
			children = (
				6A673A682383D93900F96C07 /* AlphaUITests.swift */,
				6A673A6A2383D93900F96C07 /* Info.plist */,
			);
			path = AlphaUITests;
			sourceTree = "<group>";
		};
		70C652406FE2A666404659ED /* Pods */ = {
			isa = PBXGroup;
			children = (
				9833769063201280B2273DB2 /* Pods-Alpha.debug.xcconfig */,
				5D24C89B7CF0602DF34CE6B1 /* Pods-Alpha.release.xcconfig */,
				4438564146E3EA683A82F40A /* Pods-Alpha-AlphaUITests.debug.xcconfig */,
				EB1AC82DDE93249C24262926 /* Pods-Alpha-AlphaUITests.release.xcconfig */,
				B59EE7B248FFB0781F97755F /* Pods-AlphaTests.debug.xcconfig */,
				AA8F7BE3A90E4128226F44BB /* Pods-AlphaTests.release.xcconfig */,
			);
			path = Pods;
			sourceTree = "<group>";
		};
		9CC817ACE3262D3122EE303B /* Frameworks */ = {
			isa = PBXGroup;
			children = (
				8A595ECD1D3F8D142360549B /* Pods_Alpha.framework */,
				5ACEA5D0206DAF77858CF0CC /* Pods_Alpha_AlphaUITests.framework */,
				D428F006CFDDF0A8523A6180 /* Pods_AlphaTests.framework */,
			);
			name = Frameworks;
			sourceTree = "<group>";
		};
/* End PBXGroup section */

/* Begin PBXNativeTarget section */
		6A673A412383D93700F96C07 /* Alpha */ = {
			isa = PBXNativeTarget;
			buildConfigurationList = 6A673A6D2383D93900F96C07 /* Build configuration list for PBXNativeTarget "Alpha" */;
			buildPhases = (
				24178FF452A4742508E790EE /* [CP] Check Pods Manifest.lock */,
				6A673A3E2383D93700F96C07 /* Sources */,
				6A673A3F2383D93700F96C07 /* Frameworks */,
				6A673A402383D93700F96C07 /* Resources */,
				2ADF550FCDD65318DE5B16F5 /* [CP] Embed Pods Frameworks */,
				135DA8D3880BB9BFEF6B719D /* [CP] Copy Pods Resources */,
			);
			buildRules = (
			);
			dependencies = (
			);
			name = Alpha;
			productName = Alpha;
			productReference = 6A673A422383D93700F96C07 /* Alpha.app */;
			productType = "com.apple.product-type.application";
		};
		6A673A582383D93900F96C07 /* AlphaTests */ = {
			isa = PBXNativeTarget;
			buildConfigurationList = 6A673A702383D93900F96C07 /* Build configuration list for PBXNativeTarget "AlphaTests" */;
			buildPhases = (
				640AFA0099E454679CB3BC39 /* [CP] Check Pods Manifest.lock */,
				6A673A552383D93900F96C07 /* Sources */,
				6A673A562383D93900F96C07 /* Frameworks */,
				6A673A572383D93900F96C07 /* Resources */,
			);
			buildRules = (
			);
			dependencies = (
				6A673A5B2383D93900F96C07 /* PBXTargetDependency */,
			);
			name = AlphaTests;
			productName = AlphaTests;
			productReference = 6A673A592383D93900F96C07 /* AlphaTests.xctest */;
			productType = "com.apple.product-type.bundle.unit-test";
		};
		6A673A632383D93900F96C07 /* AlphaUITests */ = {
			isa = PBXNativeTarget;
			buildConfigurationList = 6A673A732383D93900F96C07 /* Build configuration list for PBXNativeTarget "AlphaUITests" */;
			buildPhases = (
				98C3B3C2ED7EAB08F0203610 /* [CP] Check Pods Manifest.lock */,
				6A673A602383D93900F96C07 /* Sources */,
				6A673A612383D93900F96C07 /* Frameworks */,
				6A673A622383D93900F96C07 /* Resources */,
				1ED31230185F48235BAA7F18 /* [CP] Embed Pods Frameworks */,
				7DE353641FD1955DC999F70A /* [CP] Copy Pods Resources */,
			);
			buildRules = (
			);
			dependencies = (
				6A673A662383D93900F96C07 /* PBXTargetDependency */,
			);
			name = AlphaUITests;
			productName = AlphaUITests;
			productReference = 6A673A642383D93900F96C07 /* AlphaUITests.xctest */;
			productType = "com.apple.product-type.bundle.ui-testing";
		};
/* End PBXNativeTarget section */

/* Begin PBXProject section */
		6A673A3A2383D93700F96C07 /* Project object */ = {
			isa = PBXProject;
			attributes = {
				LastSwiftUpdateCheck = 1010;
				LastUpgradeCheck = 1010;
				ORGANIZATIONNAME = "Jari Pietikäinen";
				TargetAttributes = {
					6A673A412383D93700F96C07 = {
						CreatedOnToolsVersion = 10.1;
						LastSwiftMigration = 1120;
					};
					6A673A582383D93900F96C07 = {
						CreatedOnToolsVersion = 10.1;
						LastSwiftMigration = 1120;
						TestTargetID = 6A673A412383D93700F96C07;
					};
					6A673A632383D93900F96C07 = {
						CreatedOnToolsVersion = 10.1;
						LastSwiftMigration = 1120;
						TestTargetID = 6A673A412383D93700F96C07;
					};
				};
			};
			buildConfigurationList = 6A673A3D2383D93700F96C07 /* Build configuration list for PBXProject "Alpha" */;
			compatibilityVersion = "Xcode 9.3";
			developmentRegion = en;
			hasScannedForEncodings = 0;
			knownRegions = (
				en,
				Base,
			);
			mainGroup = 6A673A392383D93700F96C07;
			productRefGroup = 6A673A432383D93700F96C07 /* Products */;
			projectDirPath = "";
			projectRoot = "";
			targets = (
				6A673A412383D93700F96C07 /* Alpha */,
				6A673A582383D93900F96C07 /* AlphaTests */,
				6A673A632383D93900F96C07 /* AlphaUITests */,
			);
		};
/* End PBXProject section */

/* Begin PBXResourcesBuildPhase section */
		6A673A402383D93700F96C07 /* Resources */ = {
			isa = PBXResourcesBuildPhase;
			buildActionMask = 2147483647;
			files = (
				6A673A532383D93900F96C07 /* LaunchScreen.storyboard in Resources */,
				6A18D09323952E7300A66EF9 /* Results.storyboard in Resources */,
				6A18D09623952E9B00A66EF9 /* Questions.storyboard in Resources */,
				24DD128F238FB83F002EC8BA /* Default-568h@2x.png in Resources */,
				6A673A502383D93900F96C07 /* Assets.xcassets in Resources */,
				6A673A4B2383D93700F96C07 /* Main.storyboard in Resources */,
			);
			runOnlyForDeploymentPostprocessing = 0;
		};
		6A673A572383D93900F96C07 /* Resources */ = {
			isa = PBXResourcesBuildPhase;
			buildActionMask = 2147483647;
			files = (
			);
			runOnlyForDeploymentPostprocessing = 0;
		};
		6A673A622383D93900F96C07 /* Resources */ = {
			isa = PBXResourcesBuildPhase;
			buildActionMask = 2147483647;
			files = (
			);
			runOnlyForDeploymentPostprocessing = 0;
		};
/* End PBXResourcesBuildPhase section */

/* Begin PBXShellScriptBuildPhase section */
		135DA8D3880BB9BFEF6B719D /* [CP] Copy Pods Resources */ = {
			isa = PBXShellScriptBuildPhase;
			buildActionMask = 2147483647;
			files = (
			);
			inputFileListPaths = (
				"${PODS_ROOT}/Target Support Files/Pods-Alpha/Pods-Alpha-resources-${CONFIGURATION}-input-files.xcfilelist",
			);
			name = "[CP] Copy Pods Resources";
			outputFileListPaths = (
				"${PODS_ROOT}/Target Support Files/Pods-Alpha/Pods-Alpha-resources-${CONFIGURATION}-output-files.xcfilelist",
			);
			runOnlyForDeploymentPostprocessing = 0;
			shellPath = /bin/sh;
			shellScript = "\"${PODS_ROOT}/Target Support Files/Pods-Alpha/Pods-Alpha-resources.sh\"\n";
			showEnvVarsInLog = 0;
		};
		1ED31230185F48235BAA7F18 /* [CP] Embed Pods Frameworks */ = {
			isa = PBXShellScriptBuildPhase;
			buildActionMask = 2147483647;
			files = (
			);
			inputFileListPaths = (
				"${PODS_ROOT}/Target Support Files/Pods-Alpha-AlphaUITests/Pods-Alpha-AlphaUITests-frameworks-${CONFIGURATION}-input-files.xcfilelist",
			);
			name = "[CP] Embed Pods Frameworks";
			outputFileListPaths = (
				"${PODS_ROOT}/Target Support Files/Pods-Alpha-AlphaUITests/Pods-Alpha-AlphaUITests-frameworks-${CONFIGURATION}-output-files.xcfilelist",
			);
			runOnlyForDeploymentPostprocessing = 0;
			shellPath = /bin/sh;
			shellScript = "\"${PODS_ROOT}/Target Support Files/Pods-Alpha-AlphaUITests/Pods-Alpha-AlphaUITests-frameworks.sh\"\n";
			showEnvVarsInLog = 0;
		};
		24178FF452A4742508E790EE /* [CP] Check Pods Manifest.lock */ = {
			isa = PBXShellScriptBuildPhase;
			buildActionMask = 2147483647;
			files = (
			);
			inputFileListPaths = (
			);
			inputPaths = (
				"${PODS_PODFILE_DIR_PATH}/Podfile.lock",
				"${PODS_ROOT}/Manifest.lock",
			);
			name = "[CP] Check Pods Manifest.lock";
			outputFileListPaths = (
			);
			outputPaths = (
				"$(DERIVED_FILE_DIR)/Pods-Alpha-checkManifestLockResult.txt",
			);
			runOnlyForDeploymentPostprocessing = 0;
			shellPath = /bin/sh;
			shellScript = "diff \"${PODS_PODFILE_DIR_PATH}/Podfile.lock\" \"${PODS_ROOT}/Manifest.lock\" > /dev/null\nif [ $? != 0 ] ; then\n    # print error to STDERR\n    echo \"error: The sandbox is not in sync with the Podfile.lock. Run 'pod install' or update your CocoaPods installation.\" >&2\n    exit 1\nfi\n# This output is used by Xcode 'outputs' to avoid re-running this script phase.\necho \"SUCCESS\" > \"${SCRIPT_OUTPUT_FILE_0}\"\n";
			showEnvVarsInLog = 0;
		};
		2ADF550FCDD65318DE5B16F5 /* [CP] Embed Pods Frameworks */ = {
			isa = PBXShellScriptBuildPhase;
			buildActionMask = 2147483647;
			files = (
			);
			inputFileListPaths = (
				"${PODS_ROOT}/Target Support Files/Pods-Alpha/Pods-Alpha-frameworks-${CONFIGURATION}-input-files.xcfilelist",
			);
			name = "[CP] Embed Pods Frameworks";
			outputFileListPaths = (
				"${PODS_ROOT}/Target Support Files/Pods-Alpha/Pods-Alpha-frameworks-${CONFIGURATION}-output-files.xcfilelist",
			);
			runOnlyForDeploymentPostprocessing = 0;
			shellPath = /bin/sh;
			shellScript = "\"${PODS_ROOT}/Target Support Files/Pods-Alpha/Pods-Alpha-frameworks.sh\"\n";
			showEnvVarsInLog = 0;
		};
		640AFA0099E454679CB3BC39 /* [CP] Check Pods Manifest.lock */ = {
			isa = PBXShellScriptBuildPhase;
			buildActionMask = 2147483647;
			files = (
			);
			inputFileListPaths = (
			);
			inputPaths = (
				"${PODS_PODFILE_DIR_PATH}/Podfile.lock",
				"${PODS_ROOT}/Manifest.lock",
			);
			name = "[CP] Check Pods Manifest.lock";
			outputFileListPaths = (
			);
			outputPaths = (
				"$(DERIVED_FILE_DIR)/Pods-AlphaTests-checkManifestLockResult.txt",
			);
			runOnlyForDeploymentPostprocessing = 0;
			shellPath = /bin/sh;
			shellScript = "diff \"${PODS_PODFILE_DIR_PATH}/Podfile.lock\" \"${PODS_ROOT}/Manifest.lock\" > /dev/null\nif [ $? != 0 ] ; then\n    # print error to STDERR\n    echo \"error: The sandbox is not in sync with the Podfile.lock. Run 'pod install' or update your CocoaPods installation.\" >&2\n    exit 1\nfi\n# This output is used by Xcode 'outputs' to avoid re-running this script phase.\necho \"SUCCESS\" > \"${SCRIPT_OUTPUT_FILE_0}\"\n";
			showEnvVarsInLog = 0;
		};
		7DE353641FD1955DC999F70A /* [CP] Copy Pods Resources */ = {
			isa = PBXShellScriptBuildPhase;
			buildActionMask = 2147483647;
			files = (
			);
			inputFileListPaths = (
				"${PODS_ROOT}/Target Support Files/Pods-Alpha-AlphaUITests/Pods-Alpha-AlphaUITests-resources-${CONFIGURATION}-input-files.xcfilelist",
			);
			name = "[CP] Copy Pods Resources";
			outputFileListPaths = (
				"${PODS_ROOT}/Target Support Files/Pods-Alpha-AlphaUITests/Pods-Alpha-AlphaUITests-resources-${CONFIGURATION}-output-files.xcfilelist",
			);
			runOnlyForDeploymentPostprocessing = 0;
			shellPath = /bin/sh;
			shellScript = "\"${PODS_ROOT}/Target Support Files/Pods-Alpha-AlphaUITests/Pods-Alpha-AlphaUITests-resources.sh\"\n";
			showEnvVarsInLog = 0;
		};
		98C3B3C2ED7EAB08F0203610 /* [CP] Check Pods Manifest.lock */ = {
			isa = PBXShellScriptBuildPhase;
			buildActionMask = 2147483647;
			files = (
			);
			inputFileListPaths = (
			);
			inputPaths = (
				"${PODS_PODFILE_DIR_PATH}/Podfile.lock",
				"${PODS_ROOT}/Manifest.lock",
			);
			name = "[CP] Check Pods Manifest.lock";
			outputFileListPaths = (
			);
			outputPaths = (
				"$(DERIVED_FILE_DIR)/Pods-Alpha-AlphaUITests-checkManifestLockResult.txt",
			);
			runOnlyForDeploymentPostprocessing = 0;
			shellPath = /bin/sh;
			shellScript = "diff \"${PODS_PODFILE_DIR_PATH}/Podfile.lock\" \"${PODS_ROOT}/Manifest.lock\" > /dev/null\nif [ $? != 0 ] ; then\n    # print error to STDERR\n    echo \"error: The sandbox is not in sync with the Podfile.lock. Run 'pod install' or update your CocoaPods installation.\" >&2\n    exit 1\nfi\n# This output is used by Xcode 'outputs' to avoid re-running this script phase.\necho \"SUCCESS\" > \"${SCRIPT_OUTPUT_FILE_0}\"\n";
			showEnvVarsInLog = 0;
		};
/* End PBXShellScriptBuildPhase section */

/* Begin PBXSourcesBuildPhase section */
		6A673A3E2383D93700F96C07 /* Sources */ = {
			isa = PBXSourcesBuildPhase;
			buildActionMask = 2147483647;
			files = (
				6A18D08A238C044400A66EF9 /* SingleResult.swift in Sources */,
				6A18D08E238C0B2800A66EF9 /* ResultsViewController.swift in Sources */,
				6A673A482383D93700F96C07 /* ViewController.swift in Sources */,
				6A673A4E2383D93700F96C07 /* Alpha.xcdatamodeld in Sources */,
				6A3D11EC23844B8D0073EFB9 /* PageViewController.swift in Sources */,
				6A793E96238569880075DE6E /* BasicQuestions3.swift in Sources */,
				6A3D11EE23844D4E0073EFB9 /* PageViewControllerTest.swift in Sources */,
				6A793E94238567060075DE6E /* BasicQuestions2.swift in Sources */,
				6A411492238469CE0073B802 /* Questions10.swift in Sources */,
				6A673A792383D98000F96C07 /* BasicQuestions1.swift in Sources */,
				6A673A7B2383D99200F96C07 /* Questions1.swift in Sources */,
				6A18D090238C0FB400A66EF9 /* FetchResults.swift in Sources */,
				6A18D08C238C0A3C00A66EF9 /* ResultsCell.swift in Sources */,
				6A673A462383D93700F96C07 /* AppDelegate.swift in Sources */,
				6A793E92238550D30075DE6E /* Person.swift in Sources */,
				6A673A7D2383D9A200F96C07 /* Questions2.swift in Sources */,
			);
			runOnlyForDeploymentPostprocessing = 0;
		};
		6A673A552383D93900F96C07 /* Sources */ = {
			isa = PBXSourcesBuildPhase;
			buildActionMask = 2147483647;
			files = (
				6A673A5E2383D93900F96C07 /* AlphaTests.swift in Sources */,
			);
			runOnlyForDeploymentPostprocessing = 0;
		};
		6A673A602383D93900F96C07 /* Sources */ = {
			isa = PBXSourcesBuildPhase;
			buildActionMask = 2147483647;
			files = (
				6A673A692383D93900F96C07 /* AlphaUITests.swift in Sources */,
			);
			runOnlyForDeploymentPostprocessing = 0;
		};
/* End PBXSourcesBuildPhase section */

/* Begin PBXTargetDependency section */
		6A673A5B2383D93900F96C07 /* PBXTargetDependency */ = {
			isa = PBXTargetDependency;
			target = 6A673A412383D93700F96C07 /* Alpha */;
			targetProxy = 6A673A5A2383D93900F96C07 /* PBXContainerItemProxy */;
		};
		6A673A662383D93900F96C07 /* PBXTargetDependency */ = {
			isa = PBXTargetDependency;
			target = 6A673A412383D93700F96C07 /* Alpha */;
			targetProxy = 6A673A652383D93900F96C07 /* PBXContainerItemProxy */;
		};
/* End PBXTargetDependency section */

/* Begin PBXVariantGroup section */
		6A673A492383D93700F96C07 /* Main.storyboard */ = {
			isa = PBXVariantGroup;
			children = (
				6A673A4A2383D93700F96C07 /* Base */,
			);
			name = Main.storyboard;
			sourceTree = "<group>";
		};
		6A673A512383D93900F96C07 /* LaunchScreen.storyboard */ = {
			isa = PBXVariantGroup;
			children = (
				6A673A522383D93900F96C07 /* Base */,
			);
			name = LaunchScreen.storyboard;
			sourceTree = "<group>";
		};
/* End PBXVariantGroup section */

/* Begin XCBuildConfiguration section */
		6A673A6B2383D93900F96C07 /* Debug */ = {
			isa = XCBuildConfiguration;
			buildSettings = {
				ALWAYS_SEARCH_USER_PATHS = NO;
				CLANG_ANALYZER_NONNULL = YES;
				CLANG_ANALYZER_NUMBER_OBJECT_CONVERSION = YES_AGGRESSIVE;
				CLANG_CXX_LANGUAGE_STANDARD = "gnu++14";
				CLANG_CXX_LIBRARY = "libc++";
				CLANG_ENABLE_MODULES = YES;
				CLANG_ENABLE_OBJC_ARC = YES;
				CLANG_ENABLE_OBJC_WEAK = YES;
				CLANG_WARN_BLOCK_CAPTURE_AUTORELEASING = YES;
				CLANG_WARN_BOOL_CONVERSION = YES;
				CLANG_WARN_COMMA = YES;
				CLANG_WARN_CONSTANT_CONVERSION = YES;
				CLANG_WARN_DEPRECATED_OBJC_IMPLEMENTATIONS = YES;
				CLANG_WARN_DIRECT_OBJC_ISA_USAGE = YES_ERROR;
				CLANG_WARN_DOCUMENTATION_COMMENTS = YES;
				CLANG_WARN_EMPTY_BODY = YES;
				CLANG_WARN_ENUM_CONVERSION = YES;
				CLANG_WARN_INFINITE_RECURSION = YES;
				CLANG_WARN_INT_CONVERSION = YES;
				CLANG_WARN_NON_LITERAL_NULL_CONVERSION = YES;
				CLANG_WARN_OBJC_IMPLICIT_RETAIN_SELF = YES;
				CLANG_WARN_OBJC_LITERAL_CONVERSION = YES;
				CLANG_WARN_OBJC_ROOT_CLASS = YES_ERROR;
				CLANG_WARN_RANGE_LOOP_ANALYSIS = YES;
				CLANG_WARN_STRICT_PROTOTYPES = YES;
				CLANG_WARN_SUSPICIOUS_MOVE = YES;
				CLANG_WARN_UNGUARDED_AVAILABILITY = YES_AGGRESSIVE;
				CLANG_WARN_UNREACHABLE_CODE = YES;
				CLANG_WARN__DUPLICATE_METHOD_MATCH = YES;
				CODE_SIGN_IDENTITY = "iPhone Developer";
				COPY_PHASE_STRIP = NO;
				DEBUG_INFORMATION_FORMAT = dwarf;
				ENABLE_STRICT_OBJC_MSGSEND = YES;
				ENABLE_TESTABILITY = YES;
				GCC_C_LANGUAGE_STANDARD = gnu11;
				GCC_DYNAMIC_NO_PIC = NO;
				GCC_NO_COMMON_BLOCKS = YES;
				GCC_OPTIMIZATION_LEVEL = 0;
				GCC_PREPROCESSOR_DEFINITIONS = (
					"DEBUG=1",
					"$(inherited)",
				);
				GCC_WARN_64_TO_32_BIT_CONVERSION = YES;
				GCC_WARN_ABOUT_RETURN_TYPE = YES_ERROR;
				GCC_WARN_UNDECLARED_SELECTOR = YES;
				GCC_WARN_UNINITIALIZED_AUTOS = YES_AGGRESSIVE;
				GCC_WARN_UNUSED_FUNCTION = YES;
				GCC_WARN_UNUSED_VARIABLE = YES;
				IPHONEOS_DEPLOYMENT_TARGET = 12.1;
				MTL_ENABLE_DEBUG_INFO = INCLUDE_SOURCE;
				MTL_FAST_MATH = YES;
				ONLY_ACTIVE_ARCH = YES;
				SDKROOT = iphoneos;
				SWIFT_ACTIVE_COMPILATION_CONDITIONS = DEBUG;
				SWIFT_OPTIMIZATION_LEVEL = "-Onone";
			};
			name = Debug;
		};
		6A673A6C2383D93900F96C07 /* Release */ = {
			isa = XCBuildConfiguration;
			buildSettings = {
				ALWAYS_SEARCH_USER_PATHS = NO;
				CLANG_ANALYZER_NONNULL = YES;
				CLANG_ANALYZER_NUMBER_OBJECT_CONVERSION = YES_AGGRESSIVE;
				CLANG_CXX_LANGUAGE_STANDARD = "gnu++14";
				CLANG_CXX_LIBRARY = "libc++";
				CLANG_ENABLE_MODULES = YES;
				CLANG_ENABLE_OBJC_ARC = YES;
				CLANG_ENABLE_OBJC_WEAK = YES;
				CLANG_WARN_BLOCK_CAPTURE_AUTORELEASING = YES;
				CLANG_WARN_BOOL_CONVERSION = YES;
				CLANG_WARN_COMMA = YES;
				CLANG_WARN_CONSTANT_CONVERSION = YES;
				CLANG_WARN_DEPRECATED_OBJC_IMPLEMENTATIONS = YES;
				CLANG_WARN_DIRECT_OBJC_ISA_USAGE = YES_ERROR;
				CLANG_WARN_DOCUMENTATION_COMMENTS = YES;
				CLANG_WARN_EMPTY_BODY = YES;
				CLANG_WARN_ENUM_CONVERSION = YES;
				CLANG_WARN_INFINITE_RECURSION = YES;
				CLANG_WARN_INT_CONVERSION = YES;
				CLANG_WARN_NON_LITERAL_NULL_CONVERSION = YES;
				CLANG_WARN_OBJC_IMPLICIT_RETAIN_SELF = YES;
				CLANG_WARN_OBJC_LITERAL_CONVERSION = YES;
				CLANG_WARN_OBJC_ROOT_CLASS = YES_ERROR;
				CLANG_WARN_RANGE_LOOP_ANALYSIS = YES;
				CLANG_WARN_STRICT_PROTOTYPES = YES;
				CLANG_WARN_SUSPICIOUS_MOVE = YES;
				CLANG_WARN_UNGUARDED_AVAILABILITY = YES_AGGRESSIVE;
				CLANG_WARN_UNREACHABLE_CODE = YES;
				CLANG_WARN__DUPLICATE_METHOD_MATCH = YES;
				CODE_SIGN_IDENTITY = "iPhone Developer";
				COPY_PHASE_STRIP = NO;
				DEBUG_INFORMATION_FORMAT = "dwarf-with-dsym";
				ENABLE_NS_ASSERTIONS = NO;
				ENABLE_STRICT_OBJC_MSGSEND = YES;
				GCC_C_LANGUAGE_STANDARD = gnu11;
				GCC_NO_COMMON_BLOCKS = YES;
				GCC_WARN_64_TO_32_BIT_CONVERSION = YES;
				GCC_WARN_ABOUT_RETURN_TYPE = YES_ERROR;
				GCC_WARN_UNDECLARED_SELECTOR = YES;
				GCC_WARN_UNINITIALIZED_AUTOS = YES_AGGRESSIVE;
				GCC_WARN_UNUSED_FUNCTION = YES;
				GCC_WARN_UNUSED_VARIABLE = YES;
				IPHONEOS_DEPLOYMENT_TARGET = 12.1;
				MTL_ENABLE_DEBUG_INFO = NO;
				MTL_FAST_MATH = YES;
				SDKROOT = iphoneos;
				SWIFT_COMPILATION_MODE = wholemodule;
				SWIFT_OPTIMIZATION_LEVEL = "-O";
				VALIDATE_PRODUCT = YES;
			};
			name = Release;
		};
		6A673A6E2383D93900F96C07 /* Debug */ = {
			isa = XCBuildConfiguration;
			baseConfigurationReference = 9833769063201280B2273DB2 /* Pods-Alpha.debug.xcconfig */;
			buildSettings = {
				ASSETCATALOG_COMPILER_APPICON_NAME = AppIcon;
				CODE_SIGN_STYLE = Automatic;
				DEVELOPMENT_TEAM = X2N25MFA6X;
				INFOPLIST_FILE = Alpha/Info.plist;
				LD_RUNPATH_SEARCH_PATHS = (
					"$(inherited)",
					"@executable_path/Frameworks",
				);
				PRODUCT_BUNDLE_IDENTIFIER = J4R1.Alpha;
				PRODUCT_NAME = "$(TARGET_NAME)";
				SWIFT_VERSION = 4.2;
				TARGETED_DEVICE_FAMILY = "1,2";
			};
			name = Debug;
		};
		6A673A6F2383D93900F96C07 /* Release */ = {
			isa = XCBuildConfiguration;
			baseConfigurationReference = 5D24C89B7CF0602DF34CE6B1 /* Pods-Alpha.release.xcconfig */;
			buildSettings = {
				ASSETCATALOG_COMPILER_APPICON_NAME = AppIcon;
				CODE_SIGN_STYLE = Automatic;
				DEVELOPMENT_TEAM = X2N25MFA6X;
				INFOPLIST_FILE = Alpha/Info.plist;
				LD_RUNPATH_SEARCH_PATHS = (
					"$(inherited)",
					"@executable_path/Frameworks",
				);
				PRODUCT_BUNDLE_IDENTIFIER = J4R1.Alpha;
				PRODUCT_NAME = "$(TARGET_NAME)";
				SWIFT_VERSION = 4.2;
				TARGETED_DEVICE_FAMILY = "1,2";
			};
			name = Release;
		};
		6A673A712383D93900F96C07 /* Debug */ = {
			isa = XCBuildConfiguration;
			baseConfigurationReference = B59EE7B248FFB0781F97755F /* Pods-AlphaTests.debug.xcconfig */;
			buildSettings = {
				ALWAYS_EMBED_SWIFT_STANDARD_LIBRARIES = YES;
				BUNDLE_LOADER = "$(TEST_HOST)";
				CODE_SIGN_STYLE = Automatic;
				INFOPLIST_FILE = AlphaTests/Info.plist;
				LD_RUNPATH_SEARCH_PATHS = (
					"$(inherited)",
					"@executable_path/Frameworks",
					"@loader_path/Frameworks",
				);
				PRODUCT_BUNDLE_IDENTIFIER = J4R1.AlphaTests;
				PRODUCT_NAME = "$(TARGET_NAME)";
				SWIFT_VERSION = 4.2;
				TARGETED_DEVICE_FAMILY = "1,2";
				TEST_HOST = "$(BUILT_PRODUCTS_DIR)/Alpha.app/Alpha";
			};
			name = Debug;
		};
		6A673A722383D93900F96C07 /* Release */ = {
			isa = XCBuildConfiguration;
			baseConfigurationReference = AA8F7BE3A90E4128226F44BB /* Pods-AlphaTests.release.xcconfig */;
			buildSettings = {
				ALWAYS_EMBED_SWIFT_STANDARD_LIBRARIES = YES;
				BUNDLE_LOADER = "$(TEST_HOST)";
				CODE_SIGN_STYLE = Automatic;
				INFOPLIST_FILE = AlphaTests/Info.plist;
				LD_RUNPATH_SEARCH_PATHS = (
					"$(inherited)",
					"@executable_path/Frameworks",
					"@loader_path/Frameworks",
				);
				PRODUCT_BUNDLE_IDENTIFIER = J4R1.AlphaTests;
				PRODUCT_NAME = "$(TARGET_NAME)";
				SWIFT_VERSION = 4.2;
				TARGETED_DEVICE_FAMILY = "1,2";
				TEST_HOST = "$(BUILT_PRODUCTS_DIR)/Alpha.app/Alpha";
			};
			name = Release;
		};
		6A673A742383D93900F96C07 /* Debug */ = {
			isa = XCBuildConfiguration;
			baseConfigurationReference = 4438564146E3EA683A82F40A /* Pods-Alpha-AlphaUITests.debug.xcconfig */;
			buildSettings = {
				ALWAYS_EMBED_SWIFT_STANDARD_LIBRARIES = YES;
				CODE_SIGN_STYLE = Automatic;
				INFOPLIST_FILE = AlphaUITests/Info.plist;
				LD_RUNPATH_SEARCH_PATHS = (
					"$(inherited)",
					"@executable_path/Frameworks",
					"@loader_path/Frameworks",
				);
				PRODUCT_BUNDLE_IDENTIFIER = J4R1.AlphaUITests;
				PRODUCT_NAME = "$(TARGET_NAME)";
				SWIFT_VERSION = 4.2;
				TARGETED_DEVICE_FAMILY = "1,2";
				TEST_TARGET_NAME = Alpha;
			};
			name = Debug;
		};
		6A673A752383D93900F96C07 /* Release */ = {
			isa = XCBuildConfiguration;
			baseConfigurationReference = EB1AC82DDE93249C24262926 /* Pods-Alpha-AlphaUITests.release.xcconfig */;
			buildSettings = {
				ALWAYS_EMBED_SWIFT_STANDARD_LIBRARIES = YES;
				CODE_SIGN_STYLE = Automatic;
				INFOPLIST_FILE = AlphaUITests/Info.plist;
				LD_RUNPATH_SEARCH_PATHS = (
					"$(inherited)",
					"@executable_path/Frameworks",
					"@loader_path/Frameworks",
				);
				PRODUCT_BUNDLE_IDENTIFIER = J4R1.AlphaUITests;
				PRODUCT_NAME = "$(TARGET_NAME)";
				SWIFT_VERSION = 4.2;
				TARGETED_DEVICE_FAMILY = "1,2";
				TEST_TARGET_NAME = Alpha;
			};
			name = Release;
		};
/* End XCBuildConfiguration section */

/* Begin XCConfigurationList section */
		6A673A3D2383D93700F96C07 /* Build configuration list for PBXProject "Alpha" */ = {
			isa = XCConfigurationList;
			buildConfigurations = (
				6A673A6B2383D93900F96C07 /* Debug */,
				6A673A6C2383D93900F96C07 /* Release */,
			);
			defaultConfigurationIsVisible = 0;
			defaultConfigurationName = Release;
		};
		6A673A6D2383D93900F96C07 /* Build configuration list for PBXNativeTarget "Alpha" */ = {
			isa = XCConfigurationList;
			buildConfigurations = (
				6A673A6E2383D93900F96C07 /* Debug */,
				6A673A6F2383D93900F96C07 /* Release */,
			);
			defaultConfigurationIsVisible = 0;
			defaultConfigurationName = Release;
		};
		6A673A702383D93900F96C07 /* Build configuration list for PBXNativeTarget "AlphaTests" */ = {
			isa = XCConfigurationList;
			buildConfigurations = (
				6A673A712383D93900F96C07 /* Debug */,
				6A673A722383D93900F96C07 /* Release */,
			);
			defaultConfigurationIsVisible = 0;
			defaultConfigurationName = Release;
		};
		6A673A732383D93900F96C07 /* Build configuration list for PBXNativeTarget "AlphaUITests" */ = {
			isa = XCConfigurationList;
			buildConfigurations = (
				6A673A742383D93900F96C07 /* Debug */,
				6A673A752383D93900F96C07 /* Release */,
			);
			defaultConfigurationIsVisible = 0;
			defaultConfigurationName = Release;
		};
/* End XCConfigurationList section */

/* Begin XCVersionGroup section */
		6A673A4C2383D93700F96C07 /* Alpha.xcdatamodeld */ = {
			isa = XCVersionGroup;
			children = (
				6A673A4D2383D93700F96C07 /* Alpha.xcdatamodel */,
			);
			currentVersion = 6A673A4D2383D93700F96C07 /* Alpha.xcdatamodel */;
			path = Alpha.xcdatamodeld;
			sourceTree = "<group>";
			versionGroupType = wrapper.xcdatamodel;
		};
/* End XCVersionGroup section */
	};
	rootObject = 6A673A3A2383D93700F96C07 /* Project object */;
}
